
Microsoft Visual Studio Solution File, Format Version 12.00
# Visual Studio Version 17
VisualStudioVersion = 17.0.31903.59
MinimumVisualStudioVersion = 10.0.40219.1
Project("{2150E333-8FDC-42A3-9474-1A3956D46DE8}") = "src", "src", "{348F32F1-5426-485E-9AF5-0F00647B3B81}"
EndProject
Project("{FAE04EC0-301F-11D3-BF4B-00C04F79EFBC}") = "PostApi", "src\PostApi\PostApi.csproj", "{BA9F73C2-52A9-4F53-A89E-0B31C29D161A}"
EndProject
Project("{FAE04EC0-301F-11D3-BF4B-00C04F79EFBC}") = "SearchApi", "src\SearchApi\SearchApi.csproj", "{ECA5A815-7803-41C2-8E3A-9035834A1332}"
EndProject
Global
	GlobalSection(SolutionConfigurationPlatforms) = preSolution
		Debug|Any CPU = Debug|Any CPU
		Release|Any CPU = Release|Any CPU
	EndGlobalSection
	GlobalSection(ProjectConfigurationPlatforms) = postSolution
		{BA9F73C2-52A9-4F53-A89E-0B31C29D161A}.Debug|Any CPU.ActiveCfg = Debug|Any CPU
		{BA9F73C2-52A9-4F53-A89E-0B31C29D161A}.Debug|Any CPU.Build.0 = Debug|Any CPU
		{BA9F73C2-52A9-4F53-A89E-0B31C29D161A}.Release|Any CPU.ActiveCfg = Release|Any CPU
		{BA9F73C2-52A9-4F53-A89E-0B31C29D161A}.Release|Any CPU.Build.0 = Release|Any CPU
		{ECA5A815-7803-41C2-8E3A-9035834A1332}.Debug|Any CPU.ActiveCfg = Debug|Any CPU
		{ECA5A815-7803-41C2-8E3A-9035834A1332}.Debug|Any CPU.Build.0 = Debug|Any CPU
		{ECA5A815-7803-41C2-8E3A-9035834A1332}.Release|Any CPU.ActiveCfg = Release|Any CPU
		{ECA5A815-7803-41C2-8E3A-9035834A1332}.Release|Any CPU.Build.0 = Release|Any CPU
	EndGlobalSection
	GlobalSection(SolutionProperties) = preSolution
		HideSolutionNode = FALSE
	EndGlobalSection
	GlobalSection(NestedProjects) = preSolution
		{BA9F73C2-52A9-4F53-A89E-0B31C29D161A} = {348F32F1-5426-485E-9AF5-0F00647B3B81}
		{ECA5A815-7803-41C2-8E3A-9035834A1332} = {348F32F1-5426-485E-9AF5-0F00647B3B81}
	EndGlobalSection
EndGlobal
