
Microsoft Visual Studio Solution File, Format Version 12.00
# Visual Studio Version 17
VisualStudioVersion = 17.5.002.0
MinimumVisualStudioVersion = 10.0.40219.1
Project("{9A19103F-16F7-4668-BE54-9A1E7A4F7556}") = "PostApi", "PostApi.csproj", "{288D4AA6-F861-4383-ADA8-EF3D15164538}"
EndProject
Global
	GlobalSection(SolutionConfigurationPlatforms) = preSolution
		Debug|Any CPU = Debug|Any CPU
		Release|Any CPU = Release|Any CPU
	EndGlobalSection
	GlobalSection(ProjectConfigurationPlatforms) = postSolution
		{288D4AA6-F861-4383-ADA8-EF3D15164538}.Debug|Any CPU.ActiveCfg = Debug|Any CPU
		{288D4AA6-F861-4383-ADA8-EF3D15164538}.Debug|Any CPU.Build.0 = Debug|Any CPU
		{288D4AA6-F861-4383-ADA8-EF3D15164538}.Release|Any CPU.ActiveCfg = Release|Any CPU
		{288D4AA6-F861-4383-ADA8-EF3D15164538}.Release|Any CPU.Build.0 = Release|Any CPU
	EndGlobalSection
	GlobalSection(SolutionProperties) = preSolution
		HideSolutionNode = FALSE
	EndGlobalSection
	GlobalSection(ExtensibilityGlobals) = postSolution
		SolutionGuid = {D4BA4ACE-5137-4531-8B3E-1EF36F954BE1}
	EndGlobalSection
EndGlobal
